
Microsoft Visual Studio Solution File, Format Version 12.00
# Visual Studio Version 16
VisualStudioVersion = 16.0.31005.135
MinimumVisualStudioVersion = 10.0.40219.1
Project("{FAE04EC0-301F-11D3-BF4B-00C04F79EFBC}") = "Acceso_Azure", "Acceso_Azure\Acceso_Azure.csproj", "{8EA7504E-8495-44FB-BDFD-66F9FE471BAA}"
EndProject
Global
	GlobalSection(SolutionConfigurationPlatforms) = preSolution
		Debug|Any CPU = Debug|Any CPU
		Release|Any CPU = Release|Any CPU
	EndGlobalSection
	GlobalSection(ProjectConfigurationPlatforms) = postSolution
		{8EA7504E-8495-44FB-BDFD-66F9FE471BAA}.Debug|Any CPU.ActiveCfg = Debug|Any CPU
		{8EA7504E-8495-44FB-BDFD-66F9FE471BAA}.Debug|Any CPU.Build.0 = Debug|Any CPU
		{8EA7504E-8495-44FB-BDFD-66F9FE471BAA}.Debug|Any CPU.Deploy.0 = Debug|Any CPU
		{8EA7504E-8495-44FB-BDFD-66F9FE471BAA}.Release|Any CPU.ActiveCfg = Release|Any CPU
		{8EA7504E-8495-44FB-BDFD-66F9FE471BAA}.Release|Any CPU.Build.0 = Release|Any CPU
		{8EA7504E-8495-44FB-BDFD-66F9FE471BAA}.Release|Any CPU.Deploy.0 = Release|Any CPU
	EndGlobalSection
	GlobalSection(SolutionProperties) = preSolution
		HideSolutionNode = FALSE
	EndGlobalSection
	GlobalSection(ExtensibilityGlobals) = postSolution
		SolutionGuid = {53E90F70-99EA-456F-827A-AD5D08651DE2}
	EndGlobalSection
EndGlobal
